// !$*UTF8*$!
{
	archiveVersion = 1;
	classes = {
	};
	objectVersion = 51;
	objects = {

/* Begin PBXBuildFile section */
		3F1DB54523E5774100B0A8A7 /* AppDelegate.swift in Sources */ = {isa = PBXBuildFile; fileRef = 3F1DB54423E5774100B0A8A7 /* AppDelegate.swift */; };
		3F1DB54D23E5774100B0A8A7 /* VRG_TEST.xcdatamodeld in Sources */ = {isa = PBXBuildFile; fileRef = 3F1DB54B23E5774100B0A8A7 /* VRG_TEST.xcdatamodeld */; };
		3F1DB54F23E5774300B0A8A7 /* Assets.xcassets in Resources */ = {isa = PBXBuildFile; fileRef = 3F1DB54E23E5774300B0A8A7 /* Assets.xcassets */; };
		3F1DB55223E5774300B0A8A7 /* LaunchScreen.storyboard in Resources */ = {isa = PBXBuildFile; fileRef = 3F1DB55023E5774300B0A8A7 /* LaunchScreen.storyboard */; };
		3F1DB55D23E5780200B0A8A7 /* FlowController.swift in Sources */ = {isa = PBXBuildFile; fileRef = 3F1DB55C23E5780200B0A8A7 /* FlowController.swift */; };
		3F1DB56323E57C1000B0A8A7 /* Optional+Extensions.swift in Sources */ = {isa = PBXBuildFile; fileRef = 3F1DB56223E57C1000B0A8A7 /* Optional+Extensions.swift */; };
		3F1DB56523E57F1900B0A8A7 /* AppFlowController.swift in Sources */ = {isa = PBXBuildFile; fileRef = 3F1DB56423E57F1900B0A8A7 /* AppFlowController.swift */; };
		3F1DB56923E5805200B0A8A7 /* View.swift in Sources */ = {isa = PBXBuildFile; fileRef = 3F1DB56823E5805200B0A8A7 /* View.swift */; };
		3F1DB56B23E5819E00B0A8A7 /* ViewModel.swift in Sources */ = {isa = PBXBuildFile; fileRef = 3F1DB56A23E5819E00B0A8A7 /* ViewModel.swift */; };
		3F1DB56D23E581C500B0A8A7 /* ConfiguratorType.swift in Sources */ = {isa = PBXBuildFile; fileRef = 3F1DB56C23E581C500B0A8A7 /* ConfiguratorType.swift */; };
		3F1DB56F23E581DB00B0A8A7 /* EventsType.swift in Sources */ = {isa = PBXBuildFile; fileRef = 3F1DB56E23E581DB00B0A8A7 /* EventsType.swift */; };
		3F1DB57723E5874800B0A8A7 /* ArticlesTabBarViewController.swift in Sources */ = {isa = PBXBuildFile; fileRef = 3F1DB57623E5874800B0A8A7 /* ArticlesTabBarViewController.swift */; };
		3F1DB57923E5887D00B0A8A7 /* ViewTabBar.swift in Sources */ = {isa = PBXBuildFile; fileRef = 3F1DB57823E5887D00B0A8A7 /* ViewTabBar.swift */; };
		3F1DB58E23E5A90000B0A8A7 /* EmailedArticles.swift in Sources */ = {isa = PBXBuildFile; fileRef = 3F1DB58D23E5A90000B0A8A7 /* EmailedArticles.swift */; };
		3F1DB59023E5F10D00B0A8A7 /* NetworkTask.swift in Sources */ = {isa = PBXBuildFile; fileRef = 3F1DB58F23E5F10D00B0A8A7 /* NetworkTask.swift */; };
		3F1DB59223E5F12D00B0A8A7 /* AlamofireAPIService.swift in Sources */ = {isa = PBXBuildFile; fileRef = 3F1DB59123E5F12D00B0A8A7 /* AlamofireAPIService.swift */; };
		3F1DB59523E5F21700B0A8A7 /* AlamofireAPIService+Articles.swift in Sources */ = {isa = PBXBuildFile; fileRef = 3F1DB59423E5F21700B0A8A7 /* AlamofireAPIService+Articles.swift */; };
		3F1DB59723E5F3E100B0A8A7 /* APIServiceType.swift in Sources */ = {isa = PBXBuildFile; fileRef = 3F1DB59623E5F3E000B0A8A7 /* APIServiceType.swift */; };
		3F1DB59D23E601D700B0A8A7 /* SharedArticles.swift in Sources */ = {isa = PBXBuildFile; fileRef = 3F1DB59C23E601D700B0A8A7 /* SharedArticles.swift */; };
		3F1DB59F23E601E100B0A8A7 /* ViewedArticles.swift in Sources */ = {isa = PBXBuildFile; fileRef = 3F1DB59E23E601E100B0A8A7 /* ViewedArticles.swift */; };
		3F1DB5B023E60E8400B0A8A7 /* FavoritesView.swift in Sources */ = {isa = PBXBuildFile; fileRef = 3F1DB5AE23E60E8400B0A8A7 /* FavoritesView.swift */; };
		3F1DB5B123E60E8400B0A8A7 /* FavoritesView.xib in Resources */ = {isa = PBXBuildFile; fileRef = 3F1DB5AF23E60E8400B0A8A7 /* FavoritesView.xib */; };
		3F1DB5B723E60F5E00B0A8A7 /* FavoritesViewModel.swift in Sources */ = {isa = PBXBuildFile; fileRef = 3F1DB5B623E60F5E00B0A8A7 /* FavoritesViewModel.swift */; };
		3F1DB5B923E60FC100B0A8A7 /* ViewTab.swift in Sources */ = {isa = PBXBuildFile; fileRef = 3F1DB5B823E60FC100B0A8A7 /* ViewTab.swift */; };
		3FACA12123E7366000AC24A8 /* ArticleDetailView.swift in Sources */ = {isa = PBXBuildFile; fileRef = 3FACA11F23E7366000AC24A8 /* ArticleDetailView.swift */; };
		3FACA12223E7366000AC24A8 /* ArticleDetailView.xib in Resources */ = {isa = PBXBuildFile; fileRef = 3FACA12023E7366000AC24A8 /* ArticleDetailView.xib */; };
		3FACA12423E736D400AC24A8 /* ArticleDetailViewModel.swift in Sources */ = {isa = PBXBuildFile; fileRef = 3FACA12323E736D400AC24A8 /* ArticleDetailViewModel.swift */; };
		3FACA12623E73C6E00AC24A8 /* ArticleModelType.swift in Sources */ = {isa = PBXBuildFile; fileRef = 3FACA12523E73C6E00AC24A8 /* ArticleModelType.swift */; };
		3FACA12A23E7598900AC24A8 /* StorageService.swift in Sources */ = {isa = PBXBuildFile; fileRef = 3FACA12923E7598900AC24A8 /* StorageService.swift */; };
		3FDC563323E885E40024DD3E /* ArticleView.swift in Sources */ = {isa = PBXBuildFile; fileRef = 3FDC563123E885E40024DD3E /* ArticleView.swift */; };
		3FDC563423E885E40024DD3E /* ArticleView.xib in Resources */ = {isa = PBXBuildFile; fileRef = 3FDC563223E885E40024DD3E /* ArticleView.xib */; };
		3FDC563623E8DEFA0024DD3E /* ArticlesModelType.swift in Sources */ = {isa = PBXBuildFile; fileRef = 3FDC563523E8DEFA0024DD3E /* ArticlesModelType.swift */; };
		3FDC563823E8DF580024DD3E /* MediaModel.swift in Sources */ = {isa = PBXBuildFile; fileRef = 3FDC563723E8DF580024DD3E /* MediaModel.swift */; };
		3FDC563A23E8DFB30024DD3E /* ViewedArticleModel.swift in Sources */ = {isa = PBXBuildFile; fileRef = 3FDC563923E8DFB30024DD3E /* ViewedArticleModel.swift */; };
		3FDC563C23E8DFE60024DD3E /* SharedArticleModel.swift in Sources */ = {isa = PBXBuildFile; fileRef = 3FDC563B23E8DFE60024DD3E /* SharedArticleModel.swift */; };
		3FDC564023E8E0910024DD3E /* EmailedArticleModel.swift in Sources */ = {isa = PBXBuildFile; fileRef = 3FDC563F23E8E0910024DD3E /* EmailedArticleModel.swift */; };
		3FDC564223E8E0CF0024DD3E /* DefaultArticleModel.swift in Sources */ = {isa = PBXBuildFile; fileRef = 3FDC564123E8E0CF0024DD3E /* DefaultArticleModel.swift */; };
		3FDC564423E8E4190024DD3E /* ArticleViewModel.swift in Sources */ = {isa = PBXBuildFile; fileRef = 3FDC564323E8E4190024DD3E /* ArticleViewModel.swift */; };
		3FDC564823E8E47F0024DD3E /* UITabBarController+Extensions.swift in Sources */ = {isa = PBXBuildFile; fileRef = 3FDC564723E8E47F0024DD3E /* UITabBarController+Extensions.swift */; };
		3FDC564A23E8E5180024DD3E /* AlamofireAPIServiceType.swift in Sources */ = {isa = PBXBuildFile; fileRef = 3FDC564923E8E5180024DD3E /* AlamofireAPIServiceType.swift */; };
		87AC8A12FA04EC5531E0E405 /* Pods_VRG_TEST.framework in Frameworks */ = {isa = PBXBuildFile; fileRef = 5369FF308A9F6598D56134A8 /* Pods_VRG_TEST.framework */; };
/* End PBXBuildFile section */

/* Begin PBXFileReference section */
		3F1DB54123E5774100B0A8A7 /* VRG_TEST.app */ = {isa = PBXFileReference; explicitFileType = wrapper.application; includeInIndex = 0; path = VRG_TEST.app; sourceTree = BUILT_PRODUCTS_DIR; };
		3F1DB54423E5774100B0A8A7 /* AppDelegate.swift */ = {isa = PBXFileReference; lastKnownFileType = sourcecode.swift; path = AppDelegate.swift; sourceTree = "<group>"; };
		3F1DB54C23E5774100B0A8A7 /* VRG_TEST.xcdatamodel */ = {isa = PBXFileReference; lastKnownFileType = wrapper.xcdatamodel; path = VRG_TEST.xcdatamodel; sourceTree = "<group>"; };
		3F1DB54E23E5774300B0A8A7 /* Assets.xcassets */ = {isa = PBXFileReference; lastKnownFileType = folder.assetcatalog; path = Assets.xcassets; sourceTree = "<group>"; };
		3F1DB55123E5774300B0A8A7 /* Base */ = {isa = PBXFileReference; lastKnownFileType = file.storyboard; name = Base; path = Base.lproj/LaunchScreen.storyboard; sourceTree = "<group>"; };
		3F1DB55323E5774300B0A8A7 /* Info.plist */ = {isa = PBXFileReference; lastKnownFileType = text.plist.xml; path = Info.plist; sourceTree = "<group>"; };
		3F1DB55C23E5780200B0A8A7 /* FlowController.swift */ = {isa = PBXFileReference; lastKnownFileType = sourcecode.swift; path = FlowController.swift; sourceTree = "<group>"; };
		3F1DB56223E57C1000B0A8A7 /* Optional+Extensions.swift */ = {isa = PBXFileReference; lastKnownFileType = sourcecode.swift; path = "Optional+Extensions.swift"; sourceTree = "<group>"; };
		3F1DB56423E57F1900B0A8A7 /* AppFlowController.swift */ = {isa = PBXFileReference; lastKnownFileType = sourcecode.swift; path = AppFlowController.swift; sourceTree = "<group>"; };
		3F1DB56823E5805200B0A8A7 /* View.swift */ = {isa = PBXFileReference; lastKnownFileType = sourcecode.swift; path = View.swift; sourceTree = "<group>"; };
		3F1DB56A23E5819E00B0A8A7 /* ViewModel.swift */ = {isa = PBXFileReference; lastKnownFileType = sourcecode.swift; path = ViewModel.swift; sourceTree = "<group>"; };
		3F1DB56C23E581C500B0A8A7 /* ConfiguratorType.swift */ = {isa = PBXFileReference; lastKnownFileType = sourcecode.swift; path = ConfiguratorType.swift; sourceTree = "<group>"; };
		3F1DB56E23E581DB00B0A8A7 /* EventsType.swift */ = {isa = PBXFileReference; lastKnownFileType = sourcecode.swift; path = EventsType.swift; sourceTree = "<group>"; };
		3F1DB57623E5874800B0A8A7 /* ArticlesTabBarViewController.swift */ = {isa = PBXFileReference; lastKnownFileType = sourcecode.swift; path = ArticlesTabBarViewController.swift; sourceTree = "<group>"; };
		3F1DB57823E5887D00B0A8A7 /* ViewTabBar.swift */ = {isa = PBXFileReference; lastKnownFileType = sourcecode.swift; path = ViewTabBar.swift; sourceTree = "<group>"; };
		3F1DB58D23E5A90000B0A8A7 /* EmailedArticles.swift */ = {isa = PBXFileReference; lastKnownFileType = sourcecode.swift; path = EmailedArticles.swift; sourceTree = "<group>"; };
		3F1DB58F23E5F10D00B0A8A7 /* NetworkTask.swift */ = {isa = PBXFileReference; lastKnownFileType = sourcecode.swift; path = NetworkTask.swift; sourceTree = "<group>"; };
		3F1DB59123E5F12D00B0A8A7 /* AlamofireAPIService.swift */ = {isa = PBXFileReference; lastKnownFileType = sourcecode.swift; path = AlamofireAPIService.swift; sourceTree = "<group>"; };
		3F1DB59423E5F21700B0A8A7 /* AlamofireAPIService+Articles.swift */ = {isa = PBXFileReference; lastKnownFileType = sourcecode.swift; path = "AlamofireAPIService+Articles.swift"; sourceTree = "<group>"; };
		3F1DB59623E5F3E000B0A8A7 /* APIServiceType.swift */ = {isa = PBXFileReference; fileEncoding = 4; lastKnownFileType = sourcecode.swift; path = APIServiceType.swift; sourceTree = "<group>"; };
		3F1DB59C23E601D700B0A8A7 /* SharedArticles.swift */ = {isa = PBXFileReference; lastKnownFileType = sourcecode.swift; path = SharedArticles.swift; sourceTree = "<group>"; };
		3F1DB59E23E601E100B0A8A7 /* ViewedArticles.swift */ = {isa = PBXFileReference; lastKnownFileType = sourcecode.swift; path = ViewedArticles.swift; sourceTree = "<group>"; };
		3F1DB5AE23E60E8400B0A8A7 /* FavoritesView.swift */ = {isa = PBXFileReference; lastKnownFileType = sourcecode.swift; path = FavoritesView.swift; sourceTree = "<group>"; };
		3F1DB5AF23E60E8400B0A8A7 /* FavoritesView.xib */ = {isa = PBXFileReference; lastKnownFileType = file.xib; path = FavoritesView.xib; sourceTree = "<group>"; };
		3F1DB5B623E60F5E00B0A8A7 /* FavoritesViewModel.swift */ = {isa = PBXFileReference; lastKnownFileType = sourcecode.swift; path = FavoritesViewModel.swift; sourceTree = "<group>"; };
		3F1DB5B823E60FC100B0A8A7 /* ViewTab.swift */ = {isa = PBXFileReference; lastKnownFileType = sourcecode.swift; path = ViewTab.swift; sourceTree = "<group>"; };
		3FACA11F23E7366000AC24A8 /* ArticleDetailView.swift */ = {isa = PBXFileReference; lastKnownFileType = sourcecode.swift; path = ArticleDetailView.swift; sourceTree = "<group>"; };
		3FACA12023E7366000AC24A8 /* ArticleDetailView.xib */ = {isa = PBXFileReference; lastKnownFileType = file.xib; path = ArticleDetailView.xib; sourceTree = "<group>"; };
		3FACA12323E736D400AC24A8 /* ArticleDetailViewModel.swift */ = {isa = PBXFileReference; lastKnownFileType = sourcecode.swift; path = ArticleDetailViewModel.swift; sourceTree = "<group>"; };
		3FACA12523E73C6E00AC24A8 /* ArticleModelType.swift */ = {isa = PBXFileReference; lastKnownFileType = sourcecode.swift; path = ArticleModelType.swift; sourceTree = "<group>"; };
		3FACA12923E7598900AC24A8 /* StorageService.swift */ = {isa = PBXFileReference; lastKnownFileType = sourcecode.swift; path = StorageService.swift; sourceTree = "<group>"; };
		3FDC563123E885E40024DD3E /* ArticleView.swift */ = {isa = PBXFileReference; lastKnownFileType = sourcecode.swift; path = ArticleView.swift; sourceTree = "<group>"; };
		3FDC563223E885E40024DD3E /* ArticleView.xib */ = {isa = PBXFileReference; lastKnownFileType = file.xib; path = ArticleView.xib; sourceTree = "<group>"; };
		3FDC563523E8DEFA0024DD3E /* ArticlesModelType.swift */ = {isa = PBXFileReference; lastKnownFileType = sourcecode.swift; path = ArticlesModelType.swift; sourceTree = "<group>"; };
		3FDC563723E8DF580024DD3E /* MediaModel.swift */ = {isa = PBXFileReference; lastKnownFileType = sourcecode.swift; path = MediaModel.swift; sourceTree = "<group>"; };
		3FDC563923E8DFB30024DD3E /* ViewedArticleModel.swift */ = {isa = PBXFileReference; lastKnownFileType = sourcecode.swift; path = ViewedArticleModel.swift; sourceTree = "<group>"; };
		3FDC563B23E8DFE60024DD3E /* SharedArticleModel.swift */ = {isa = PBXFileReference; lastKnownFileType = sourcecode.swift; path = SharedArticleModel.swift; sourceTree = "<group>"; };
		3FDC563F23E8E0910024DD3E /* EmailedArticleModel.swift */ = {isa = PBXFileReference; lastKnownFileType = sourcecode.swift; path = EmailedArticleModel.swift; sourceTree = "<group>"; };
		3FDC564123E8E0CF0024DD3E /* DefaultArticleModel.swift */ = {isa = PBXFileReference; lastKnownFileType = sourcecode.swift; path = DefaultArticleModel.swift; sourceTree = "<group>"; };
		3FDC564323E8E4190024DD3E /* ArticleViewModel.swift */ = {isa = PBXFileReference; lastKnownFileType = sourcecode.swift; path = ArticleViewModel.swift; sourceTree = "<group>"; };
		3FDC564723E8E47F0024DD3E /* UITabBarController+Extensions.swift */ = {isa = PBXFileReference; lastKnownFileType = sourcecode.swift; path = "UITabBarController+Extensions.swift"; sourceTree = "<group>"; };
		3FDC564923E8E5180024DD3E /* AlamofireAPIServiceType.swift */ = {isa = PBXFileReference; lastKnownFileType = sourcecode.swift; path = AlamofireAPIServiceType.swift; sourceTree = "<group>"; };
		5369FF308A9F6598D56134A8 /* Pods_VRG_TEST.framework */ = {isa = PBXFileReference; explicitFileType = wrapper.framework; includeInIndex = 0; path = Pods_VRG_TEST.framework; sourceTree = BUILT_PRODUCTS_DIR; };
		55AC18989EA8C948C64331B6 /* Pods-VRG_TEST.release.xcconfig */ = {isa = PBXFileReference; includeInIndex = 1; lastKnownFileType = text.xcconfig; name = "Pods-VRG_TEST.release.xcconfig"; path = "Target Support Files/Pods-VRG_TEST/Pods-VRG_TEST.release.xcconfig"; sourceTree = "<group>"; };
		654B96227C75D41FFDC9600D /* Pods-VRG_TEST.debug.xcconfig */ = {isa = PBXFileReference; includeInIndex = 1; lastKnownFileType = text.xcconfig; name = "Pods-VRG_TEST.debug.xcconfig"; path = "Target Support Files/Pods-VRG_TEST/Pods-VRG_TEST.debug.xcconfig"; sourceTree = "<group>"; };
/* End PBXFileReference section */

/* Begin PBXFrameworksBuildPhase section */
		3F1DB53E23E5774100B0A8A7 /* Frameworks */ = {
			isa = PBXFrameworksBuildPhase;
			buildActionMask = 2147483647;
			files = (
				87AC8A12FA04EC5531E0E405 /* Pods_VRG_TEST.framework in Frameworks */,
			);
			runOnlyForDeploymentPostprocessing = 0;
		};
/* End PBXFrameworksBuildPhase section */

/* Begin PBXGroup section */
		276A2A66E5FECA7F75EE15AE /* Frameworks */ = {
			isa = PBXGroup;
			children = (
				5369FF308A9F6598D56134A8 /* Pods_VRG_TEST.framework */,
			);
			name = Frameworks;
			sourceTree = "<group>";
		};
		3F1DB53823E5774100B0A8A7 = {
			isa = PBXGroup;
			children = (
				3F1DB54323E5774100B0A8A7 /* VRG_TEST */,
				3F1DB54223E5774100B0A8A7 /* Products */,
				4F5FDEA2AD65DDDBC9353C06 /* Pods */,
				276A2A66E5FECA7F75EE15AE /* Frameworks */,
			);
			sourceTree = "<group>";
		};
		3F1DB54223E5774100B0A8A7 /* Products */ = {
			isa = PBXGroup;
			children = (
				3F1DB54123E5774100B0A8A7 /* VRG_TEST.app */,
			);
			name = Products;
			sourceTree = "<group>";
		};
		3F1DB54323E5774100B0A8A7 /* VRG_TEST */ = {
			isa = PBXGroup;
			children = (
				3F1DB55923E5776700B0A8A7 /* Source */,
				3F1DB54423E5774100B0A8A7 /* AppDelegate.swift */,
				3F1DB54E23E5774300B0A8A7 /* Assets.xcassets */,
				3F1DB55023E5774300B0A8A7 /* LaunchScreen.storyboard */,
				3F1DB55323E5774300B0A8A7 /* Info.plist */,
				3F1DB54B23E5774100B0A8A7 /* VRG_TEST.xcdatamodeld */,
			);
			path = VRG_TEST;
			sourceTree = "<group>";
		};
		3F1DB55923E5776700B0A8A7 /* Source */ = {
			isa = PBXGroup;
			children = (
				3FACA12723E7596D00AC24A8 /* Managers */,
				3F1DB58C23E5A8E000B0A8A7 /* Models */,
				3F1DB56123E57C0400B0A8A7 /* Types */,
				3F1DB56023E57BFD00B0A8A7 /* Protocols */,
				3F1DB55F23E57BF700B0A8A7 /* Extensions */,
				3F1DB55E23E57A9200B0A8A7 /* ArchitectureClasses */,
				3F1DB55B23E577E400B0A8A7 /* FlowControllers */,
				3F1DB55A23E5776C00B0A8A7 /* Controllers */,
			);
			path = Source;
			sourceTree = "<group>";
		};
		3F1DB55A23E5776C00B0A8A7 /* Controllers */ = {
			isa = PBXGroup;
			children = (
				3FDC563023E885C80024DD3E /* ArticleViewController */,
				3FACA11823E735FB00AC24A8 /* ArticleDetailViewController */,
				3F1DB58223E58FC900B0A8A7 /* FavoritesTableViewController */,
				3F1DB57C23E58F5500B0A8A7 /* ArticlesTabBarViewController */,
			);
			path = Controllers;
			sourceTree = "<group>";
		};
		3F1DB55B23E577E400B0A8A7 /* FlowControllers */ = {
			isa = PBXGroup;
			children = (
				3F1DB56423E57F1900B0A8A7 /* AppFlowController.swift */,
			);
			path = FlowControllers;
			sourceTree = "<group>";
		};
		3F1DB55E23E57A9200B0A8A7 /* ArchitectureClasses */ = {
			isa = PBXGroup;
			children = (
				3F1DB55C23E5780200B0A8A7 /* FlowController.swift */,
				3F1DB56823E5805200B0A8A7 /* View.swift */,
				3F1DB56A23E5819E00B0A8A7 /* ViewModel.swift */,
				3F1DB57823E5887D00B0A8A7 /* ViewTabBar.swift */,
			);
			path = ArchitectureClasses;
			sourceTree = "<group>";
		};
		3F1DB55F23E57BF700B0A8A7 /* Extensions */ = {
			isa = PBXGroup;
			children = (
				3FDC564623E8E46A0024DD3E /* UIKit */,
				3FDC564523E8E4630024DD3E /* Foundation */,
			);
			path = Extensions;
			sourceTree = "<group>";
		};
		3F1DB56023E57BFD00B0A8A7 /* Protocols */ = {
			isa = PBXGroup;
			children = (
				3F1DB59623E5F3E000B0A8A7 /* APIServiceType.swift */,
				3F1DB56C23E581C500B0A8A7 /* ConfiguratorType.swift */,
				3F1DB56E23E581DB00B0A8A7 /* EventsType.swift */,
				3FDC564923E8E5180024DD3E /* AlamofireAPIServiceType.swift */,
			);
			path = Protocols;
			sourceTree = "<group>";
		};
		3F1DB56123E57C0400B0A8A7 /* Types */ = {
			isa = PBXGroup;
			children = (
				3F1DB58F23E5F10D00B0A8A7 /* NetworkTask.swift */,
				3F1DB5B823E60FC100B0A8A7 /* ViewTab.swift */,
			);
			path = Types;
			sourceTree = "<group>";
		};
		3F1DB57C23E58F5500B0A8A7 /* ArticlesTabBarViewController */ = {
			isa = PBXGroup;
			children = (
				3F1DB57623E5874800B0A8A7 /* ArticlesTabBarViewController.swift */,
			);
			path = ArticlesTabBarViewController;
			sourceTree = "<group>";
		};
		3F1DB58223E58FC900B0A8A7 /* FavoritesTableViewController */ = {
			isa = PBXGroup;
			children = (
				3F1DB5AE23E60E8400B0A8A7 /* FavoritesView.swift */,
				3F1DB5AF23E60E8400B0A8A7 /* FavoritesView.xib */,
				3F1DB5B623E60F5E00B0A8A7 /* FavoritesViewModel.swift */,
			);
			path = FavoritesTableViewController;
			sourceTree = "<group>";
		};
		3F1DB58923E591C200B0A8A7 /* APIService */ = {
			isa = PBXGroup;
			children = (
				3F1DB59323E5F1EF00B0A8A7 /* AlamofireAPIService+Extensions */,
				3F1DB59123E5F12D00B0A8A7 /* AlamofireAPIService.swift */,
			);
			path = APIService;
			sourceTree = "<group>";
		};
		3F1DB58C23E5A8E000B0A8A7 /* Models */ = {
			isa = PBXGroup;
			children = (
				3FDC563723E8DF580024DD3E /* MediaModel.swift */,
				3FDC563E23E8E0410024DD3E /* Article */,
				3FDC563D23E8E03A0024DD3E /* Articles */,
			);
			path = Models;
			sourceTree = "<group>";
		};
		3F1DB59323E5F1EF00B0A8A7 /* AlamofireAPIService+Extensions */ = {
			isa = PBXGroup;
			children = (
				3F1DB59423E5F21700B0A8A7 /* AlamofireAPIService+Articles.swift */,
			);
			path = "AlamofireAPIService+Extensions";
			sourceTree = "<group>";
		};
		3FACA11823E735FB00AC24A8 /* ArticleDetailViewController */ = {
			isa = PBXGroup;
			children = (
				3FACA11F23E7366000AC24A8 /* ArticleDetailView.swift */,
				3FACA12023E7366000AC24A8 /* ArticleDetailView.xib */,
				3FACA12323E736D400AC24A8 /* ArticleDetailViewModel.swift */,
			);
			path = ArticleDetailViewController;
			sourceTree = "<group>";
		};
		3FACA12723E7596D00AC24A8 /* Managers */ = {
			isa = PBXGroup;
			children = (
				3FACA12823E7597700AC24A8 /* StorageService */,
				3F1DB58923E591C200B0A8A7 /* APIService */,
			);
			path = Managers;
			sourceTree = "<group>";
		};
		3FACA12823E7597700AC24A8 /* StorageService */ = {
			isa = PBXGroup;
			children = (
				3FACA12923E7598900AC24A8 /* StorageService.swift */,
			);
			path = StorageService;
			sourceTree = "<group>";
		};
		3FDC563023E885C80024DD3E /* ArticleViewController */ = {
			isa = PBXGroup;
			children = (
				3FDC563123E885E40024DD3E /* ArticleView.swift */,
				3FDC563223E885E40024DD3E /* ArticleView.xib */,
				3FDC564323E8E4190024DD3E /* ArticleViewModel.swift */,
			);
			path = ArticleViewController;
			sourceTree = "<group>";
		};
		3FDC563D23E8E03A0024DD3E /* Articles */ = {
			isa = PBXGroup;
			children = (
				3F1DB58D23E5A90000B0A8A7 /* EmailedArticles.swift */,
				3F1DB59C23E601D700B0A8A7 /* SharedArticles.swift */,
				3F1DB59E23E601E100B0A8A7 /* ViewedArticles.swift */,
				3FDC563523E8DEFA0024DD3E /* ArticlesModelType.swift */,
			);
			path = Articles;
			sourceTree = "<group>";
		};
		3FDC563E23E8E0410024DD3E /* Article */ = {
			isa = PBXGroup;
			children = (
				3FDC563F23E8E0910024DD3E /* EmailedArticleModel.swift */,
				3FDC563B23E8DFE60024DD3E /* SharedArticleModel.swift */,
				3FDC563923E8DFB30024DD3E /* ViewedArticleModel.swift */,
				3FDC564123E8E0CF0024DD3E /* DefaultArticleModel.swift */,
				3FACA12523E73C6E00AC24A8 /* ArticleModelType.swift */,
			);
			path = Article;
			sourceTree = "<group>";
		};
		3FDC564523E8E4630024DD3E /* Foundation */ = {
			isa = PBXGroup;
			children = (
				3F1DB56223E57C1000B0A8A7 /* Optional+Extensions.swift */,
			);
			path = Foundation;
			sourceTree = "<group>";
		};
		3FDC564623E8E46A0024DD3E /* UIKit */ = {
			isa = PBXGroup;
			children = (
				3FDC564723E8E47F0024DD3E /* UITabBarController+Extensions.swift */,
			);
			path = UIKit;
			sourceTree = "<group>";
		};
		4F5FDEA2AD65DDDBC9353C06 /* Pods */ = {
			isa = PBXGroup;
			children = (
				654B96227C75D41FFDC9600D /* Pods-VRG_TEST.debug.xcconfig */,
				55AC18989EA8C948C64331B6 /* Pods-VRG_TEST.release.xcconfig */,
			);
			path = Pods;
			sourceTree = "<group>";
		};
/* End PBXGroup section */

/* Begin PBXNativeTarget section */
		3F1DB54023E5774100B0A8A7 /* VRG_TEST */ = {
			isa = PBXNativeTarget;
			buildConfigurationList = 3F1DB55623E5774300B0A8A7 /* Build configuration list for PBXNativeTarget "VRG_TEST" */;
			buildPhases = (
				20F5C205FAA118BBDB532D74 /* [CP] Check Pods Manifest.lock */,
				3F1DB53D23E5774100B0A8A7 /* Sources */,
				3F1DB53E23E5774100B0A8A7 /* Frameworks */,
				3F1DB53F23E5774100B0A8A7 /* Resources */,
				09A95277CE61E3C05323AE04 /* [CP] Embed Pods Frameworks */,
			);
			buildRules = (
			);
			dependencies = (
			);
			name = VRG_TEST;
			productName = VRG_TEST;
			productReference = 3F1DB54123E5774100B0A8A7 /* VRG_TEST.app */;
			productType = "com.apple.product-type.application";
		};
/* End PBXNativeTarget section */

/* Begin PBXProject section */
		3F1DB53923E5774100B0A8A7 /* Project object */ = {
			isa = PBXProject;
			attributes = {
				LastSwiftUpdateCheck = 1020;
				LastUpgradeCheck = 1020;
				ORGANIZATIONNAME = Dev;
				TargetAttributes = {
					3F1DB54023E5774100B0A8A7 = {
						CreatedOnToolsVersion = 10.2.1;
					};
				};
			};
			buildConfigurationList = 3F1DB53C23E5774100B0A8A7 /* Build configuration list for PBXProject "VRG_TEST" */;
			compatibilityVersion = "Xcode 9.3";
			developmentRegion = en;
			hasScannedForEncodings = 0;
			knownRegions = (
				en,
				Base,
			);
			mainGroup = 3F1DB53823E5774100B0A8A7;
			productRefGroup = 3F1DB54223E5774100B0A8A7 /* Products */;
			projectDirPath = "";
			projectRoot = "";
			targets = (
				3F1DB54023E5774100B0A8A7 /* VRG_TEST */,
			);
		};
/* End PBXProject section */

/* Begin PBXResourcesBuildPhase section */
		3F1DB53F23E5774100B0A8A7 /* Resources */ = {
			isa = PBXResourcesBuildPhase;
			buildActionMask = 2147483647;
			files = (
				3FACA12223E7366000AC24A8 /* ArticleDetailView.xib in Resources */,
				3F1DB5B123E60E8400B0A8A7 /* FavoritesView.xib in Resources */,
				3F1DB55223E5774300B0A8A7 /* LaunchScreen.storyboard in Resources */,
				3F1DB54F23E5774300B0A8A7 /* Assets.xcassets in Resources */,
				3FDC563423E885E40024DD3E /* ArticleView.xib in Resources */,
			);
			runOnlyForDeploymentPostprocessing = 0;
		};
/* End PBXResourcesBuildPhase section */

/* Begin PBXShellScriptBuildPhase section */
		09A95277CE61E3C05323AE04 /* [CP] Embed Pods Frameworks */ = {
			isa = PBXShellScriptBuildPhase;
			buildActionMask = 2147483647;
			files = (
			);
			inputFileListPaths = (
				"${PODS_ROOT}/Target Support Files/Pods-VRG_TEST/Pods-VRG_TEST-frameworks-${CONFIGURATION}-input-files.xcfilelist",
			);
			name = "[CP] Embed Pods Frameworks";
			outputFileListPaths = (
				"${PODS_ROOT}/Target Support Files/Pods-VRG_TEST/Pods-VRG_TEST-frameworks-${CONFIGURATION}-output-files.xcfilelist",
			);
			runOnlyForDeploymentPostprocessing = 0;
			shellPath = /bin/sh;
			shellScript = "\"${PODS_ROOT}/Target Support Files/Pods-VRG_TEST/Pods-VRG_TEST-frameworks.sh\"\n";
			showEnvVarsInLog = 0;
		};
		20F5C205FAA118BBDB532D74 /* [CP] Check Pods Manifest.lock */ = {
			isa = PBXShellScriptBuildPhase;
			buildActionMask = 2147483647;
			files = (
			);
			inputFileListPaths = (
			);
			inputPaths = (
				"${PODS_PODFILE_DIR_PATH}/Podfile.lock",
				"${PODS_ROOT}/Manifest.lock",
			);
			name = "[CP] Check Pods Manifest.lock";
			outputFileListPaths = (
			);
			outputPaths = (
				"$(DERIVED_FILE_DIR)/Pods-VRG_TEST-checkManifestLockResult.txt",
			);
			runOnlyForDeploymentPostprocessing = 0;
			shellPath = /bin/sh;
			shellScript = "diff \"${PODS_PODFILE_DIR_PATH}/Podfile.lock\" \"${PODS_ROOT}/Manifest.lock\" > /dev/null\nif [ $? != 0 ] ; then\n    # print error to STDERR\n    echo \"error: The sandbox is not in sync with the Podfile.lock. Run 'pod install' or update your CocoaPods installation.\" >&2\n    exit 1\nfi\n# This output is used by Xcode 'outputs' to avoid re-running this script phase.\necho \"SUCCESS\" > \"${SCRIPT_OUTPUT_FILE_0}\"\n";
			showEnvVarsInLog = 0;
		};
/* End PBXShellScriptBuildPhase section */

/* Begin PBXSourcesBuildPhase section */
		3F1DB53D23E5774100B0A8A7 /* Sources */ = {
			isa = PBXSourcesBuildPhase;
			buildActionMask = 2147483647;
			files = (
				3F1DB5B723E60F5E00B0A8A7 /* FavoritesViewModel.swift in Sources */,
				3F1DB56523E57F1900B0A8A7 /* AppFlowController.swift in Sources */,
				3FACA12623E73C6E00AC24A8 /* ArticleModelType.swift in Sources */,
				3F1DB59023E5F10D00B0A8A7 /* NetworkTask.swift in Sources */,
				3F1DB59D23E601D700B0A8A7 /* SharedArticles.swift in Sources */,
				3F1DB5B923E60FC100B0A8A7 /* ViewTab.swift in Sources */,
				3F1DB54523E5774100B0A8A7 /* AppDelegate.swift in Sources */,
				3F1DB59223E5F12D00B0A8A7 /* AlamofireAPIService.swift in Sources */,
				3FDC563323E885E40024DD3E /* ArticleView.swift in Sources */,
				3F1DB56323E57C1000B0A8A7 /* Optional+Extensions.swift in Sources */,
				3F1DB56F23E581DB00B0A8A7 /* EventsType.swift in Sources */,
				3FDC563623E8DEFA0024DD3E /* ArticlesModelType.swift in Sources */,
				3F1DB54D23E5774100B0A8A7 /* VRG_TEST.xcdatamodeld in Sources */,
				3F1DB56923E5805200B0A8A7 /* View.swift in Sources */,
				3F1DB59523E5F21700B0A8A7 /* AlamofireAPIService+Articles.swift in Sources */,
				3FDC563823E8DF580024DD3E /* MediaModel.swift in Sources */,
				3FACA12123E7366000AC24A8 /* ArticleDetailView.swift in Sources */,
				3F1DB5B023E60E8400B0A8A7 /* FavoritesView.swift in Sources */,
				3F1DB59723E5F3E100B0A8A7 /* APIServiceType.swift in Sources */,
				3FDC564823E8E47F0024DD3E /* UITabBarController+Extensions.swift in Sources */,
				3F1DB57723E5874800B0A8A7 /* ArticlesTabBarViewController.swift in Sources */,
				3F1DB56D23E581C500B0A8A7 /* ConfiguratorType.swift in Sources */,
				3F1DB59F23E601E100B0A8A7 /* ViewedArticles.swift in Sources */,
				3FACA12423E736D400AC24A8 /* ArticleDetailViewModel.swift in Sources */,
				3FDC563C23E8DFE60024DD3E /* SharedArticleModel.swift in Sources */,
				3FACA12A23E7598900AC24A8 /* StorageService.swift in Sources */,
				3FDC564023E8E0910024DD3E /* EmailedArticleModel.swift in Sources */,
				3FDC564423E8E4190024DD3E /* ArticleViewModel.swift in Sources */,
				3F1DB58E23E5A90000B0A8A7 /* EmailedArticles.swift in Sources */,
				3F1DB56B23E5819E00B0A8A7 /* ViewModel.swift in Sources */,
				3F1DB57923E5887D00B0A8A7 /* ViewTabBar.swift in Sources */,
				3FDC563A23E8DFB30024DD3E /* ViewedArticleModel.swift in Sources */,
				3FDC564A23E8E5180024DD3E /* AlamofireAPIServiceType.swift in Sources */,
				3FDC564223E8E0CF0024DD3E /* DefaultArticleModel.swift in Sources */,
				3F1DB55D23E5780200B0A8A7 /* FlowController.swift in Sources */,
			);
			runOnlyForDeploymentPostprocessing = 0;
		};
/* End PBXSourcesBuildPhase section */

/* Begin PBXVariantGroup section */
		3F1DB55023E5774300B0A8A7 /* LaunchScreen.storyboard */ = {
			isa = PBXVariantGroup;
			children = (
				3F1DB55123E5774300B0A8A7 /* Base */,
			);
			name = LaunchScreen.storyboard;
			sourceTree = "<group>";
		};
/* End PBXVariantGroup section */

/* Begin XCBuildConfiguration section */
		3F1DB55423E5774300B0A8A7 /* Debug */ = {
			isa = XCBuildConfiguration;
			buildSettings = {
				ALWAYS_SEARCH_USER_PATHS = NO;
				CLANG_ANALYZER_NONNULL = YES;
				CLANG_ANALYZER_NUMBER_OBJECT_CONVERSION = YES_AGGRESSIVE;
				CLANG_CXX_LANGUAGE_STANDARD = "gnu++14";
				CLANG_CXX_LIBRARY = "libc++";
				CLANG_ENABLE_MODULES = YES;
				CLANG_ENABLE_OBJC_ARC = YES;
				CLANG_ENABLE_OBJC_WEAK = YES;
				CLANG_WARN_BLOCK_CAPTURE_AUTORELEASING = YES;
				CLANG_WARN_BOOL_CONVERSION = YES;
				CLANG_WARN_COMMA = YES;
				CLANG_WARN_CONSTANT_CONVERSION = YES;
				CLANG_WARN_DEPRECATED_OBJC_IMPLEMENTATIONS = YES;
				CLANG_WARN_DIRECT_OBJC_ISA_USAGE = YES_ERROR;
				CLANG_WARN_DOCUMENTATION_COMMENTS = YES;
				CLANG_WARN_EMPTY_BODY = YES;
				CLANG_WARN_ENUM_CONVERSION = YES;
				CLANG_WARN_INFINITE_RECURSION = YES;
				CLANG_WARN_INT_CONVERSION = YES;
				CLANG_WARN_NON_LITERAL_NULL_CONVERSION = YES;
				CLANG_WARN_OBJC_IMPLICIT_RETAIN_SELF = YES;
				CLANG_WARN_OBJC_LITERAL_CONVERSION = YES;
				CLANG_WARN_OBJC_ROOT_CLASS = YES_ERROR;
				CLANG_WARN_RANGE_LOOP_ANALYSIS = YES;
				CLANG_WARN_STRICT_PROTOTYPES = YES;
				CLANG_WARN_SUSPICIOUS_MOVE = YES;
				CLANG_WARN_UNGUARDED_AVAILABILITY = YES_AGGRESSIVE;
				CLANG_WARN_UNREACHABLE_CODE = YES;
				CLANG_WARN__DUPLICATE_METHOD_MATCH = YES;
				CODE_SIGN_IDENTITY = "iPhone Developer";
				COPY_PHASE_STRIP = NO;
				DEBUG_INFORMATION_FORMAT = dwarf;
				ENABLE_STRICT_OBJC_MSGSEND = YES;
				ENABLE_TESTABILITY = YES;
				GCC_C_LANGUAGE_STANDARD = gnu11;
				GCC_DYNAMIC_NO_PIC = NO;
				GCC_NO_COMMON_BLOCKS = YES;
				GCC_OPTIMIZATION_LEVEL = 0;
				GCC_PREPROCESSOR_DEFINITIONS = (
					"DEBUG=1",
					"$(inherited)",
				);
				GCC_WARN_64_TO_32_BIT_CONVERSION = YES;
				GCC_WARN_ABOUT_RETURN_TYPE = YES_ERROR;
				GCC_WARN_UNDECLARED_SELECTOR = YES;
				GCC_WARN_UNINITIALIZED_AUTOS = YES_AGGRESSIVE;
				GCC_WARN_UNUSED_FUNCTION = YES;
				GCC_WARN_UNUSED_VARIABLE = YES;
				IPHONEOS_DEPLOYMENT_TARGET = 12.2;
				MTL_ENABLE_DEBUG_INFO = INCLUDE_SOURCE;
				MTL_FAST_MATH = YES;
				ONLY_ACTIVE_ARCH = YES;
				SDKROOT = iphoneos;
				SWIFT_ACTIVE_COMPILATION_CONDITIONS = DEBUG;
				SWIFT_OPTIMIZATION_LEVEL = "-Onone";
			};
			name = Debug;
		};
		3F1DB55523E5774300B0A8A7 /* Release */ = {
			isa = XCBuildConfiguration;
			buildSettings = {
				ALWAYS_SEARCH_USER_PATHS = NO;
				CLANG_ANALYZER_NONNULL = YES;
				CLANG_ANALYZER_NUMBER_OBJECT_CONVERSION = YES_AGGRESSIVE;
				CLANG_CXX_LANGUAGE_STANDARD = "gnu++14";
				CLANG_CXX_LIBRARY = "libc++";
				CLANG_ENABLE_MODULES = YES;
				CLANG_ENABLE_OBJC_ARC = YES;
				CLANG_ENABLE_OBJC_WEAK = YES;
				CLANG_WARN_BLOCK_CAPTURE_AUTORELEASING = YES;
				CLANG_WARN_BOOL_CONVERSION = YES;
				CLANG_WARN_COMMA = YES;
				CLANG_WARN_CONSTANT_CONVERSION = YES;
				CLANG_WARN_DEPRECATED_OBJC_IMPLEMENTATIONS = YES;
				CLANG_WARN_DIRECT_OBJC_ISA_USAGE = YES_ERROR;
				CLANG_WARN_DOCUMENTATION_COMMENTS = YES;
				CLANG_WARN_EMPTY_BODY = YES;
				CLANG_WARN_ENUM_CONVERSION = YES;
				CLANG_WARN_INFINITE_RECURSION = YES;
				CLANG_WARN_INT_CONVERSION = YES;
				CLANG_WARN_NON_LITERAL_NULL_CONVERSION = YES;
				CLANG_WARN_OBJC_IMPLICIT_RETAIN_SELF = YES;
				CLANG_WARN_OBJC_LITERAL_CONVERSION = YES;
				CLANG_WARN_OBJC_ROOT_CLASS = YES_ERROR;
				CLANG_WARN_RANGE_LOOP_ANALYSIS = YES;
				CLANG_WARN_STRICT_PROTOTYPES = YES;
				CLANG_WARN_SUSPICIOUS_MOVE = YES;
				CLANG_WARN_UNGUARDED_AVAILABILITY = YES_AGGRESSIVE;
				CLANG_WARN_UNREACHABLE_CODE = YES;
				CLANG_WARN__DUPLICATE_METHOD_MATCH = YES;
				CODE_SIGN_IDENTITY = "iPhone Developer";
				COPY_PHASE_STRIP = NO;
				DEBUG_INFORMATION_FORMAT = "dwarf-with-dsym";
				ENABLE_NS_ASSERTIONS = NO;
				ENABLE_STRICT_OBJC_MSGSEND = YES;
				GCC_C_LANGUAGE_STANDARD = gnu11;
				GCC_NO_COMMON_BLOCKS = YES;
				GCC_WARN_64_TO_32_BIT_CONVERSION = YES;
				GCC_WARN_ABOUT_RETURN_TYPE = YES_ERROR;
				GCC_WARN_UNDECLARED_SELECTOR = YES;
				GCC_WARN_UNINITIALIZED_AUTOS = YES_AGGRESSIVE;
				GCC_WARN_UNUSED_FUNCTION = YES;
				GCC_WARN_UNUSED_VARIABLE = YES;
				IPHONEOS_DEPLOYMENT_TARGET = 12.2;
				MTL_ENABLE_DEBUG_INFO = NO;
				MTL_FAST_MATH = YES;
				SDKROOT = iphoneos;
				SWIFT_COMPILATION_MODE = wholemodule;
				SWIFT_OPTIMIZATION_LEVEL = "-O";
				VALIDATE_PRODUCT = YES;
			};
			name = Release;
		};
		3F1DB55723E5774300B0A8A7 /* Debug */ = {
			isa = XCBuildConfiguration;
			baseConfigurationReference = 654B96227C75D41FFDC9600D /* Pods-VRG_TEST.debug.xcconfig */;
			buildSettings = {
				ASSETCATALOG_COMPILER_APPICON_NAME = AppIcon;
				CODE_SIGN_STYLE = Automatic;
				DEVELOPMENT_TEAM = GX95TLWK7G;
				INFOPLIST_FILE = VRG_TEST/Info.plist;
				LD_RUNPATH_SEARCH_PATHS = (
					"$(inherited)",
					"@executable_path/Frameworks",
				);
				PRODUCT_BUNDLE_IDENTIFIER = "Test.VRG-TEST";
				PRODUCT_NAME = "$(TARGET_NAME)";
				SWIFT_VERSION = 5.0;
				TARGETED_DEVICE_FAMILY = "1,2";
			};
			name = Debug;
		};
		3F1DB55823E5774300B0A8A7 /* Release */ = {
			isa = XCBuildConfiguration;
			baseConfigurationReference = 55AC18989EA8C948C64331B6 /* Pods-VRG_TEST.release.xcconfig */;
			buildSettings = {
				ASSETCATALOG_COMPILER_APPICON_NAME = AppIcon;
				CODE_SIGN_STYLE = Automatic;
				DEVELOPMENT_TEAM = GX95TLWK7G;
				INFOPLIST_FILE = VRG_TEST/Info.plist;
				LD_RUNPATH_SEARCH_PATHS = (
					"$(inherited)",
					"@executable_path/Frameworks",
				);
				PRODUCT_BUNDLE_IDENTIFIER = "Test.VRG-TEST";
				PRODUCT_NAME = "$(TARGET_NAME)";
				SWIFT_VERSION = 5.0;
				TARGETED_DEVICE_FAMILY = "1,2";
			};
			name = Release;
		};
/* End XCBuildConfiguration section */

/* Begin XCConfigurationList section */
		3F1DB53C23E5774100B0A8A7 /* Build configuration list for PBXProject "VRG_TEST" */ = {
			isa = XCConfigurationList;
			buildConfigurations = (
				3F1DB55423E5774300B0A8A7 /* Debug */,
				3F1DB55523E5774300B0A8A7 /* Release */,
			);
			defaultConfigurationIsVisible = 0;
			defaultConfigurationName = Release;
		};
		3F1DB55623E5774300B0A8A7 /* Build configuration list for PBXNativeTarget "VRG_TEST" */ = {
			isa = XCConfigurationList;
			buildConfigurations = (
				3F1DB55723E5774300B0A8A7 /* Debug */,
				3F1DB55823E5774300B0A8A7 /* Release */,
			);
			defaultConfigurationIsVisible = 0;
			defaultConfigurationName = Release;
		};
/* End XCConfigurationList section */

/* Begin XCVersionGroup section */
		3F1DB54B23E5774100B0A8A7 /* VRG_TEST.xcdatamodeld */ = {
			isa = XCVersionGroup;
			children = (
				3F1DB54C23E5774100B0A8A7 /* VRG_TEST.xcdatamodel */,
			);
			currentVersion = 3F1DB54C23E5774100B0A8A7 /* VRG_TEST.xcdatamodel */;
			path = VRG_TEST.xcdatamodeld;
			sourceTree = "<group>";
			versionGroupType = wrapper.xcdatamodel;
		};
/* End XCVersionGroup section */
	};
	rootObject = 3F1DB53923E5774100B0A8A7 /* Project object */;
}
